
Microsoft Visual Studio Solution File, Format Version 12.00
# Visual Studio Version 17
VisualStudioVersion = 17.2.32516.85
MinimumVisualStudioVersion = 10.0.40219.1
Project("{FAE04EC0-301F-11D3-BF4B-00C04F79EFBC}") = "Ödev2", "Ödev2\Ödev2.csproj", "{78E30BB7-05EA-47BA-AAF3-C065BD55ED25}"
EndProject
Global
	GlobalSection(SolutionConfigurationPlatforms) = preSolution
		Debug|Any CPU = Debug|Any CPU
		Release|Any CPU = Release|Any CPU
	EndGlobalSection
	GlobalSection(ProjectConfigurationPlatforms) = postSolution
		{78E30BB7-05EA-47BA-AAF3-C065BD55ED25}.Debug|Any CPU.ActiveCfg = Debug|Any CPU
		{78E30BB7-05EA-47BA-AAF3-C065BD55ED25}.Debug|Any CPU.Build.0 = Debug|Any CPU
		{78E30BB7-05EA-47BA-AAF3-C065BD55ED25}.Release|Any CPU.ActiveCfg = Release|Any CPU
		{78E30BB7-05EA-47BA-AAF3-C065BD55ED25}.Release|Any CPU.Build.0 = Release|Any CPU
	EndGlobalSection
	GlobalSection(SolutionProperties) = preSolution
		HideSolutionNode = FALSE
	EndGlobalSection
	GlobalSection(ExtensibilityGlobals) = postSolution
		SolutionGuid = {18FB98AA-95B2-4140-BA04-25BE0D9FBE49}
	EndGlobalSection
EndGlobal
